
Microsoft Visual Studio Solution File, Format Version 12.00
# Visual Studio 2017
Project("{FAE04EC0-301F-11D3-BF4B-00C04F79EFBC}") = "OverwatchPro", "OverwatchPro.csproj", "{8978C7A6-8C38-D153-56D1-BB07E5BB55A6}"
EndProject
Project("{FAE04EC0-301F-11D3-BF4B-00C04F79EFBC}") = "OverwatchPro.Editor", "OverwatchPro.Editor.csproj", "{F0EEBF6B-9B6C-523A-89AD-ACA4003E5FC4}"
EndProject
Global
	GlobalSection(SolutionConfigurationPlatforms) = preSolution
		Debug|Any CPU = Debug|Any CPU
		Release|Any CPU = Release|Any CPU
	EndGlobalSection
	GlobalSection(ProjectConfigurationPlatforms) = postSolution
		{8978C7A6-8C38-D153-56D1-BB07E5BB55A6}.Debug|Any CPU.ActiveCfg = Debug|Any CPU
		{8978C7A6-8C38-D153-56D1-BB07E5BB55A6}.Debug|Any CPU.Build.0 = Debug|Any CPU
		{8978C7A6-8C38-D153-56D1-BB07E5BB55A6}.Release|Any CPU.ActiveCfg = Release|Any CPU
		{8978C7A6-8C38-D153-56D1-BB07E5BB55A6}.Release|Any CPU.Build.0 = Release|Any CPU
		{F0EEBF6B-9B6C-523A-89AD-ACA4003E5FC4}.Debug|Any CPU.ActiveCfg = Debug|Any CPU
		{F0EEBF6B-9B6C-523A-89AD-ACA4003E5FC4}.Debug|Any CPU.Build.0 = Debug|Any CPU
		{F0EEBF6B-9B6C-523A-89AD-ACA4003E5FC4}.Release|Any CPU.ActiveCfg = Release|Any CPU
		{F0EEBF6B-9B6C-523A-89AD-ACA4003E5FC4}.Release|Any CPU.Build.0 = Release|Any CPU
	EndGlobalSection
	GlobalSection(SolutionProperties) = preSolution
		HideSolutionNode = FALSE
	EndGlobalSection
EndGlobal
